
Microsoft Visual Studio Solution File, Format Version 12.00
# Visual Studio 15
VisualStudioVersion = 15.0.27703.2042
MinimumVisualStudioVersion = 10.0.40219.1
Project("{FAE04EC0-301F-11D3-BF4B-00C04F79EFBC}") = "Model", "Model\Model.csproj", "{C0E82DA1-592D-4359-B5DA-C4B84D66633A}"
EndProject
Project("{FAE04EC0-301F-11D3-BF4B-00C04F79EFBC}") = "Entities", "Entities\Entities.csproj", "{5FEE9344-CF9E-4A48-87A5-1B65F9405789}"
EndProject
Project("{FAE04EC0-301F-11D3-BF4B-00C04F79EFBC}") = "API", "API\API.csproj", "{CB0D8897-AD72-4570-9FBA-5C853A94100E}"
EndProject
Project("{FAE04EC0-301F-11D3-BF4B-00C04F79EFBC}") = "Bll", "Bll\Bll.csproj", "{BBEE7767-E3FC-4D62-8B7D-58F4601EC6AB}"
EndProject
Global
	GlobalSection(SolutionConfigurationPlatforms) = preSolution
		Debug|Any CPU = Debug|Any CPU
		Release|Any CPU = Release|Any CPU
	EndGlobalSection
	GlobalSection(ProjectConfigurationPlatforms) = postSolution
		{C0E82DA1-592D-4359-B5DA-C4B84D66633A}.Debug|Any CPU.ActiveCfg = Debug|Any CPU
		{C0E82DA1-592D-4359-B5DA-C4B84D66633A}.Debug|Any CPU.Build.0 = Debug|Any CPU
		{C0E82DA1-592D-4359-B5DA-C4B84D66633A}.Release|Any CPU.ActiveCfg = Release|Any CPU
		{C0E82DA1-592D-4359-B5DA-C4B84D66633A}.Release|Any CPU.Build.0 = Release|Any CPU
		{5FEE9344-CF9E-4A48-87A5-1B65F9405789}.Debug|Any CPU.ActiveCfg = Debug|Any CPU
		{5FEE9344-CF9E-4A48-87A5-1B65F9405789}.Debug|Any CPU.Build.0 = Debug|Any CPU
		{5FEE9344-CF9E-4A48-87A5-1B65F9405789}.Release|Any CPU.ActiveCfg = Release|Any CPU
		{5FEE9344-CF9E-4A48-87A5-1B65F9405789}.Release|Any CPU.Build.0 = Release|Any CPU
		{CB0D8897-AD72-4570-9FBA-5C853A94100E}.Debug|Any CPU.ActiveCfg = Debug|Any CPU
		{CB0D8897-AD72-4570-9FBA-5C853A94100E}.Debug|Any CPU.Build.0 = Debug|Any CPU
		{CB0D8897-AD72-4570-9FBA-5C853A94100E}.Release|Any CPU.ActiveCfg = Release|Any CPU
		{CB0D8897-AD72-4570-9FBA-5C853A94100E}.Release|Any CPU.Build.0 = Release|Any CPU
		{BBEE7767-E3FC-4D62-8B7D-58F4601EC6AB}.Debug|Any CPU.ActiveCfg = Debug|Any CPU
		{BBEE7767-E3FC-4D62-8B7D-58F4601EC6AB}.Debug|Any CPU.Build.0 = Debug|Any CPU
		{BBEE7767-E3FC-4D62-8B7D-58F4601EC6AB}.Release|Any CPU.ActiveCfg = Release|Any CPU
		{BBEE7767-E3FC-4D62-8B7D-58F4601EC6AB}.Release|Any CPU.Build.0 = Release|Any CPU
	EndGlobalSection
	GlobalSection(SolutionProperties) = preSolution
		HideSolutionNode = FALSE
	EndGlobalSection
	GlobalSection(ExtensibilityGlobals) = postSolution
		SolutionGuid = {3821FFB4-CF61-4DE8-B46B-68678DBF3C33}
	EndGlobalSection
EndGlobal
